// !$*UTF8*$!
{
	archiveVersion = 1;
	classes = {
	};
	objectVersion = 55;
	objects = {

/* Begin PBXBuildFile section */
		7992F7FB27DA345B0046120A /* AppDelegate.swift in Sources */ = {isa = PBXBuildFile; fileRef = 7992F7FA27DA345B0046120A /* AppDelegate.swift */; };
		7992F7FD27DA345B0046120A /* SceneDelegate.swift in Sources */ = {isa = PBXBuildFile; fileRef = 7992F7FC27DA345B0046120A /* SceneDelegate.swift */; };
		7992F80227DA345B0046120A /* Main.storyboard in Resources */ = {isa = PBXBuildFile; fileRef = 7992F80027DA345B0046120A /* Main.storyboard */; };
		7992F80427DA34600046120A /* Assets.xcassets in Resources */ = {isa = PBXBuildFile; fileRef = 7992F80327DA34600046120A /* Assets.xcassets */; };
		7992F80727DA34600046120A /* LaunchScreen.storyboard in Resources */ = {isa = PBXBuildFile; fileRef = 7992F80527DA34600046120A /* LaunchScreen.storyboard */; };
		7992F80F27DA36510046120A /* MusicViewController.swift in Sources */ = {isa = PBXBuildFile; fileRef = 7992F80E27DA36510046120A /* MusicViewController.swift */; };
		7992F81227DA36A40046120A /* MusicCell.swift in Sources */ = {isa = PBXBuildFile; fileRef = 7992F81027DA36A40046120A /* MusicCell.swift */; };
		7992F81327DA36A40046120A /* MusicCell.xib in Resources */ = {isa = PBXBuildFile; fileRef = 7992F81127DA36A40046120A /* MusicCell.xib */; };
		7992F81527DA36EC0046120A /* UIView+Extensions.swift in Sources */ = {isa = PBXBuildFile; fileRef = 7992F81427DA36EC0046120A /* UIView+Extensions.swift */; };
		7992F81727DA38230046120A /* Music.swift in Sources */ = {isa = PBXBuildFile; fileRef = 7992F81627DA38230046120A /* Music.swift */; };
/* End PBXBuildFile section */

/* Begin PBXFileReference section */
		7992F7F727DA345B0046120A /* IntrinsicContentSize.app */ = {isa = PBXFileReference; explicitFileType = wrapper.application; includeInIndex = 0; path = IntrinsicContentSize.app; sourceTree = BUILT_PRODUCTS_DIR; };
		7992F7FA27DA345B0046120A /* AppDelegate.swift */ = {isa = PBXFileReference; lastKnownFileType = sourcecode.swift; path = AppDelegate.swift; sourceTree = "<group>"; };
		7992F7FC27DA345B0046120A /* SceneDelegate.swift */ = {isa = PBXFileReference; lastKnownFileType = sourcecode.swift; path = SceneDelegate.swift; sourceTree = "<group>"; };
		7992F80127DA345B0046120A /* Base */ = {isa = PBXFileReference; lastKnownFileType = file.storyboard; name = Base; path = Base.lproj/Main.storyboard; sourceTree = "<group>"; };
		7992F80327DA34600046120A /* Assets.xcassets */ = {isa = PBXFileReference; lastKnownFileType = folder.assetcatalog; path = Assets.xcassets; sourceTree = "<group>"; };
		7992F80627DA34600046120A /* Base */ = {isa = PBXFileReference; lastKnownFileType = file.storyboard; name = Base; path = Base.lproj/LaunchScreen.storyboard; sourceTree = "<group>"; };
		7992F80827DA34600046120A /* Info.plist */ = {isa = PBXFileReference; lastKnownFileType = text.plist.xml; path = Info.plist; sourceTree = "<group>"; };
		7992F80E27DA36510046120A /* MusicViewController.swift */ = {isa = PBXFileReference; lastKnownFileType = sourcecode.swift; path = MusicViewController.swift; sourceTree = "<group>"; };
		7992F81027DA36A40046120A /* MusicCell.swift */ = {isa = PBXFileReference; lastKnownFileType = sourcecode.swift; path = MusicCell.swift; sourceTree = "<group>"; };
		7992F81127DA36A40046120A /* MusicCell.xib */ = {isa = PBXFileReference; lastKnownFileType = file.xib; path = MusicCell.xib; sourceTree = "<group>"; };
		7992F81427DA36EC0046120A /* UIView+Extensions.swift */ = {isa = PBXFileReference; fileEncoding = 4; lastKnownFileType = sourcecode.swift; path = "UIView+Extensions.swift"; sourceTree = "<group>"; };
		7992F81627DA38230046120A /* Music.swift */ = {isa = PBXFileReference; lastKnownFileType = sourcecode.swift; path = Music.swift; sourceTree = "<group>"; };
/* End PBXFileReference section */

/* Begin PBXFrameworksBuildPhase section */
		7992F7F427DA345B0046120A /* Frameworks */ = {
			isa = PBXFrameworksBuildPhase;
			buildActionMask = 2147483647;
			files = (
			);
			runOnlyForDeploymentPostprocessing = 0;
		};
/* End PBXFrameworksBuildPhase section */

/* Begin PBXGroup section */
		7992F7EE27DA345A0046120A = {
			isa = PBXGroup;
			children = (
				7992F7F927DA345B0046120A /* IntrinsicContentSize */,
				7992F7F827DA345B0046120A /* Products */,
			);
			sourceTree = "<group>";
		};
		7992F7F827DA345B0046120A /* Products */ = {
			isa = PBXGroup;
			children = (
				7992F7F727DA345B0046120A /* IntrinsicContentSize.app */,
			);
			name = Products;
			sourceTree = "<group>";
		};
		7992F7F927DA345B0046120A /* IntrinsicContentSize */ = {
			isa = PBXGroup;
			children = (
				7992F81827DA46460046120A /* Cells */,
				7992F81B27DA46750046120A /* Models */,
				7992F81927DA46510046120A /* Extensions */,
				7992F81A27DA465C0046120A /* View Controllers */,
				7992F7FA27DA345B0046120A /* AppDelegate.swift */,
				7992F7FC27DA345B0046120A /* SceneDelegate.swift */,
				7992F80027DA345B0046120A /* Main.storyboard */,
				7992F80327DA34600046120A /* Assets.xcassets */,
				7992F80527DA34600046120A /* LaunchScreen.storyboard */,
				7992F80827DA34600046120A /* Info.plist */,
			);
			path = IntrinsicContentSize;
			sourceTree = "<group>";
		};
		7992F81827DA46460046120A /* Cells */ = {
			isa = PBXGroup;
			children = (
				7992F81027DA36A40046120A /* MusicCell.swift */,
				7992F81127DA36A40046120A /* MusicCell.xib */,
			);
			path = Cells;
			sourceTree = "<group>";
		};
		7992F81927DA46510046120A /* Extensions */ = {
			isa = PBXGroup;
			children = (
				7992F81427DA36EC0046120A /* UIView+Extensions.swift */,
			);
			path = Extensions;
			sourceTree = "<group>";
		};
		7992F81A27DA465C0046120A /* View Controllers */ = {
			isa = PBXGroup;
			children = (
				7992F80E27DA36510046120A /* MusicViewController.swift */,
			);
			path = "View Controllers";
			sourceTree = "<group>";
		};
		7992F81B27DA46750046120A /* Models */ = {
			isa = PBXGroup;
			children = (
				7992F81627DA38230046120A /* Music.swift */,
			);
			path = Models;
			sourceTree = "<group>";
		};
/* End PBXGroup section */

/* Begin PBXNativeTarget section */
		7992F7F627DA345B0046120A /* IntrinsicContentSize */ = {
			isa = PBXNativeTarget;
			buildConfigurationList = 7992F80B27DA34600046120A /* Build configuration list for PBXNativeTarget "IntrinsicContentSize" */;
			buildPhases = (
				7992F7F327DA345B0046120A /* Sources */,
				7992F7F427DA345B0046120A /* Frameworks */,
				7992F7F527DA345B0046120A /* Resources */,
			);
			buildRules = (
			);
			dependencies = (
			);
			name = IntrinsicContentSize;
			productName = IntrinsicContentSize;
			productReference = 7992F7F727DA345B0046120A /* IntrinsicContentSize.app */;
			productType = "com.apple.product-type.application";
		};
/* End PBXNativeTarget section */

/* Begin PBXProject section */
		7992F7EF27DA345A0046120A /* Project object */ = {
			isa = PBXProject;
			attributes = {
				BuildIndependentTargetsInParallel = 1;
				LastSwiftUpdateCheck = 1320;
				LastUpgradeCheck = 1320;
				TargetAttributes = {
					7992F7F627DA345B0046120A = {
						CreatedOnToolsVersion = 13.2.1;
					};
				};
			};
			buildConfigurationList = 7992F7F227DA345A0046120A /* Build configuration list for PBXProject "IntrinsicContentSize" */;
			compatibilityVersion = "Xcode 13.0";
			developmentRegion = en;
			hasScannedForEncodings = 0;
			knownRegions = (
				en,
				Base,
			);
			mainGroup = 7992F7EE27DA345A0046120A;
			productRefGroup = 7992F7F827DA345B0046120A /* Products */;
			projectDirPath = "";
			projectRoot = "";
			targets = (
				7992F7F627DA345B0046120A /* IntrinsicContentSize */,
			);
		};
/* End PBXProject section */

/* Begin PBXResourcesBuildPhase section */
		7992F7F527DA345B0046120A /* Resources */ = {
			isa = PBXResourcesBuildPhase;
			buildActionMask = 2147483647;
			files = (
				7992F80727DA34600046120A /* LaunchScreen.storyboard in Resources */,
				7992F80427DA34600046120A /* Assets.xcassets in Resources */,
				7992F80227DA345B0046120A /* Main.storyboard in Resources */,
				7992F81327DA36A40046120A /* MusicCell.xib in Resources */,
			);
			runOnlyForDeploymentPostprocessing = 0;
		};
/* End PBXResourcesBuildPhase section */

/* Begin PBXSourcesBuildPhase section */
		7992F7F327DA345B0046120A /* Sources */ = {
			isa = PBXSourcesBuildPhase;
			buildActionMask = 2147483647;
			files = (
				7992F80F27DA36510046120A /* MusicViewController.swift in Sources */,
				7992F7FB27DA345B0046120A /* AppDelegate.swift in Sources */,
				7992F81527DA36EC0046120A /* UIView+Extensions.swift in Sources */,
				7992F7FD27DA345B0046120A /* SceneDelegate.swift in Sources */,
				7992F81227DA36A40046120A /* MusicCell.swift in Sources */,
				7992F81727DA38230046120A /* Music.swift in Sources */,
			);
			runOnlyForDeploymentPostprocessing = 0;
		};
/* End PBXSourcesBuildPhase section */

/* Begin PBXVariantGroup section */
		7992F80027DA345B0046120A /* Main.storyboard */ = {
			isa = PBXVariantGroup;
			children = (
				7992F80127DA345B0046120A /* Base */,
			);
			name = Main.storyboard;
			sourceTree = "<group>";
		};
		7992F80527DA34600046120A /* LaunchScreen.storyboard */ = {
			isa = PBXVariantGroup;
			children = (
				7992F80627DA34600046120A /* Base */,
			);
			name = LaunchScreen.storyboard;
			sourceTree = "<group>";
		};
/* End PBXVariantGroup section */

/* Begin XCBuildConfiguration section */
		7992F80927DA34600046120A /* Debug */ = {
			isa = XCBuildConfiguration;
			buildSettings = {
				ALWAYS_SEARCH_USER_PATHS = NO;
				CLANG_ANALYZER_NONNULL = YES;
				CLANG_ANALYZER_NUMBER_OBJECT_CONVERSION = YES_AGGRESSIVE;
				CLANG_CXX_LANGUAGE_STANDARD = "gnu++17";
				CLANG_CXX_LIBRARY = "libc++";
				CLANG_ENABLE_MODULES = YES;
				CLANG_ENABLE_OBJC_ARC = YES;
				CLANG_ENABLE_OBJC_WEAK = YES;
				CLANG_WARN_BLOCK_CAPTURE_AUTORELEASING = YES;
				CLANG_WARN_BOOL_CONVERSION = YES;
				CLANG_WARN_COMMA = YES;
				CLANG_WARN_CONSTANT_CONVERSION = YES;
				CLANG_WARN_DEPRECATED_OBJC_IMPLEMENTATIONS = YES;
				CLANG_WARN_DIRECT_OBJC_ISA_USAGE = YES_ERROR;
				CLANG_WARN_DOCUMENTATION_COMMENTS = YES;
				CLANG_WARN_EMPTY_BODY = YES;
				CLANG_WARN_ENUM_CONVERSION = YES;
				CLANG_WARN_INFINITE_RECURSION = YES;
				CLANG_WARN_INT_CONVERSION = YES;
				CLANG_WARN_NON_LITERAL_NULL_CONVERSION = YES;
				CLANG_WARN_OBJC_IMPLICIT_RETAIN_SELF = YES;
				CLANG_WARN_OBJC_LITERAL_CONVERSION = YES;
				CLANG_WARN_OBJC_ROOT_CLASS = YES_ERROR;
				CLANG_WARN_QUOTED_INCLUDE_IN_FRAMEWORK_HEADER = YES;
				CLANG_WARN_RANGE_LOOP_ANALYSIS = YES;
				CLANG_WARN_STRICT_PROTOTYPES = YES;
				CLANG_WARN_SUSPICIOUS_MOVE = YES;
				CLANG_WARN_UNGUARDED_AVAILABILITY = YES_AGGRESSIVE;
				CLANG_WARN_UNREACHABLE_CODE = YES;
				CLANG_WARN__DUPLICATE_METHOD_MATCH = YES;
				COPY_PHASE_STRIP = NO;
				DEBUG_INFORMATION_FORMAT = dwarf;
				ENABLE_STRICT_OBJC_MSGSEND = YES;
				ENABLE_TESTABILITY = YES;
				GCC_C_LANGUAGE_STANDARD = gnu11;
				GCC_DYNAMIC_NO_PIC = NO;
				GCC_NO_COMMON_BLOCKS = YES;
				GCC_OPTIMIZATION_LEVEL = 0;
				GCC_PREPROCESSOR_DEFINITIONS = (
					"DEBUG=1",
					"$(inherited)",
				);
				GCC_WARN_64_TO_32_BIT_CONVERSION = YES;
				GCC_WARN_ABOUT_RETURN_TYPE = YES_ERROR;
				GCC_WARN_UNDECLARED_SELECTOR = YES;
				GCC_WARN_UNINITIALIZED_AUTOS = YES_AGGRESSIVE;
				GCC_WARN_UNUSED_FUNCTION = YES;
				GCC_WARN_UNUSED_VARIABLE = YES;
				IPHONEOS_DEPLOYMENT_TARGET = 15.2;
				MTL_ENABLE_DEBUG_INFO = INCLUDE_SOURCE;
				MTL_FAST_MATH = YES;
				ONLY_ACTIVE_ARCH = YES;
				SDKROOT = iphoneos;
				SWIFT_ACTIVE_COMPILATION_CONDITIONS = DEBUG;
				SWIFT_OPTIMIZATION_LEVEL = "-Onone";
			};
			name = Debug;
		};
		7992F80A27DA34600046120A /* Release */ = {
			isa = XCBuildConfiguration;
			buildSettings = {
				ALWAYS_SEARCH_USER_PATHS = NO;
				CLANG_ANALYZER_NONNULL = YES;
				CLANG_ANALYZER_NUMBER_OBJECT_CONVERSION = YES_AGGRESSIVE;
				CLANG_CXX_LANGUAGE_STANDARD = "gnu++17";
				CLANG_CXX_LIBRARY = "libc++";
				CLANG_ENABLE_MODULES = YES;
				CLANG_ENABLE_OBJC_ARC = YES;
				CLANG_ENABLE_OBJC_WEAK = YES;
				CLANG_WARN_BLOCK_CAPTURE_AUTORELEASING = YES;
				CLANG_WARN_BOOL_CONVERSION = YES;
				CLANG_WARN_COMMA = YES;
				CLANG_WARN_CONSTANT_CONVERSION = YES;
				CLANG_WARN_DEPRECATED_OBJC_IMPLEMENTATIONS = YES;
				CLANG_WARN_DIRECT_OBJC_ISA_USAGE = YES_ERROR;
				CLANG_WARN_DOCUMENTATION_COMMENTS = YES;
				CLANG_WARN_EMPTY_BODY = YES;
				CLANG_WARN_ENUM_CONVERSION = YES;
				CLANG_WARN_INFINITE_RECURSION = YES;
				CLANG_WARN_INT_CONVERSION = YES;
				CLANG_WARN_NON_LITERAL_NULL_CONVERSION = YES;
				CLANG_WARN_OBJC_IMPLICIT_RETAIN_SELF = YES;
				CLANG_WARN_OBJC_LITERAL_CONVERSION = YES;
				CLANG_WARN_OBJC_ROOT_CLASS = YES_ERROR;
				CLANG_WARN_QUOTED_INCLUDE_IN_FRAMEWORK_HEADER = YES;
				CLANG_WARN_RANGE_LOOP_ANALYSIS = YES;
				CLANG_WARN_STRICT_PROTOTYPES = YES;
				CLANG_WARN_SUSPICIOUS_MOVE = YES;
				CLANG_WARN_UNGUARDED_AVAILABILITY = YES_AGGRESSIVE;
				CLANG_WARN_UNREACHABLE_CODE = YES;
				CLANG_WARN__DUPLICATE_METHOD_MATCH = YES;
				COPY_PHASE_STRIP = NO;
				DEBUG_INFORMATION_FORMAT = "dwarf-with-dsym";
				ENABLE_NS_ASSERTIONS = NO;
				ENABLE_STRICT_OBJC_MSGSEND = YES;
				GCC_C_LANGUAGE_STANDARD = gnu11;
				GCC_NO_COMMON_BLOCKS = YES;
				GCC_WARN_64_TO_32_BIT_CONVERSION = YES;
				GCC_WARN_ABOUT_RETURN_TYPE = YES_ERROR;
				GCC_WARN_UNDECLARED_SELECTOR = YES;
				GCC_WARN_UNINITIALIZED_AUTOS = YES_AGGRESSIVE;
				GCC_WARN_UNUSED_FUNCTION = YES;
				GCC_WARN_UNUSED_VARIABLE = YES;
				IPHONEOS_DEPLOYMENT_TARGET = 15.2;
				MTL_ENABLE_DEBUG_INFO = NO;
				MTL_FAST_MATH = YES;
				SDKROOT = iphoneos;
				SWIFT_COMPILATION_MODE = wholemodule;
				SWIFT_OPTIMIZATION_LEVEL = "-O";
				VALIDATE_PRODUCT = YES;
			};
			name = Release;
		};
		7992F80C27DA34600046120A /* Debug */ = {
			isa = XCBuildConfiguration;
			buildSettings = {
				ASSETCATALOG_COMPILER_APPICON_NAME = AppIcon;
				ASSETCATALOG_COMPILER_GLOBAL_ACCENT_COLOR_NAME = AccentColor;
				CODE_SIGN_STYLE = Automatic;
				CURRENT_PROJECT_VERSION = 1;
				DEVELOPMENT_TEAM = L4N86QC9XH;
				GENERATE_INFOPLIST_FILE = YES;
				INFOPLIST_FILE = IntrinsicContentSize/Info.plist;
				INFOPLIST_KEY_UIApplicationSupportsIndirectInputEvents = YES;
				INFOPLIST_KEY_UILaunchStoryboardName = LaunchScreen;
				INFOPLIST_KEY_UIMainStoryboardFile = Main;
				INFOPLIST_KEY_UISupportedInterfaceOrientations_iPad = "UIInterfaceOrientationPortrait UIInterfaceOrientationPortraitUpsideDown UIInterfaceOrientationLandscapeLeft UIInterfaceOrientationLandscapeRight";
				INFOPLIST_KEY_UISupportedInterfaceOrientations_iPhone = "UIInterfaceOrientationPortrait UIInterfaceOrientationLandscapeLeft UIInterfaceOrientationLandscapeRight";
				LD_RUNPATH_SEARCH_PATHS = (
					"$(inherited)",
					"@executable_path/Frameworks",
				);
				MARKETING_VERSION = 1.0;
				PRODUCT_BUNDLE_IDENTIFIER = volo.IntrinsicContentSize;
				PRODUCT_NAME = "$(TARGET_NAME)";
				SWIFT_EMIT_LOC_STRINGS = YES;
				SWIFT_VERSION = 5.0;
				TARGETED_DEVICE_FAMILY = "1,2";
			};
			name = Debug;
		};
		7992F80D27DA34600046120A /* Release */ = {
			isa = XCBuildConfiguration;
			buildSettings = {
				ASSETCATALOG_COMPILER_APPICON_NAME = AppIcon;
				ASSETCATALOG_COMPILER_GLOBAL_ACCENT_COLOR_NAME = AccentColor;
				CODE_SIGN_STYLE = Automatic;
				CURRENT_PROJECT_VERSION = 1;
				DEVELOPMENT_TEAM = L4N86QC9XH;
				GENERATE_INFOPLIST_FILE = YES;
				INFOPLIST_FILE = IntrinsicContentSize/Info.plist;
				INFOPLIST_KEY_UIApplicationSupportsIndirectInputEvents = YES;
				INFOPLIST_KEY_UILaunchStoryboardName = LaunchScreen;
				INFOPLIST_KEY_UIMainStoryboardFile = Main;
				INFOPLIST_KEY_UISupportedInterfaceOrientations_iPad = "UIInterfaceOrientationPortrait UIInterfaceOrientationPortraitUpsideDown UIInterfaceOrientationLandscapeLeft UIInterfaceOrientationLandscapeRight";
				INFOPLIST_KEY_UISupportedInterfaceOrientations_iPhone = "UIInterfaceOrientationPortrait UIInterfaceOrientationLandscapeLeft UIInterfaceOrientationLandscapeRight";
				LD_RUNPATH_SEARCH_PATHS = (
					"$(inherited)",
					"@executable_path/Frameworks",
				);
				MARKETING_VERSION = 1.0;
				PRODUCT_BUNDLE_IDENTIFIER = volo.IntrinsicContentSize;
				PRODUCT_NAME = "$(TARGET_NAME)";
				SWIFT_EMIT_LOC_STRINGS = YES;
				SWIFT_VERSION = 5.0;
				TARGETED_DEVICE_FAMILY = "1,2";
			};
			name = Release;
		};
/* End XCBuildConfiguration section */

/* Begin XCConfigurationList section */
		7992F7F227DA345A0046120A /* Build configuration list for PBXProject "IntrinsicContentSize" */ = {
			isa = XCConfigurationList;
			buildConfigurations = (
				7992F80927DA34600046120A /* Debug */,
				7992F80A27DA34600046120A /* Release */,
			);
			defaultConfigurationIsVisible = 0;
			defaultConfigurationName = Release;
		};
		7992F80B27DA34600046120A /* Build configuration list for PBXNativeTarget "IntrinsicContentSize" */ = {
			isa = XCConfigurationList;
			buildConfigurations = (
				7992F80C27DA34600046120A /* Debug */,
				7992F80D27DA34600046120A /* Release */,
			);
			defaultConfigurationIsVisible = 0;
			defaultConfigurationName = Release;
		};
/* End XCConfigurationList section */
	};
	rootObject = 7992F7EF27DA345A0046120A /* Project object */;
}
